
Microsoft Visual Studio Solution File, Format Version 12.00
# Visual Studio Version 16
VisualStudioVersion = 16.0.35425.106
MinimumVisualStudioVersion = 10.0.40219.1
Project("{FAE04EC0-301F-11D3-BF4B-00C04F79EFBC}") = "Paint Projesi", "Paint Projesi\Paint Projesi.csproj", "{49280864-1731-4ED1-8010-9F45C4E8653E}"
EndProject
Global
	GlobalSection(SolutionConfigurationPlatforms) = preSolution
		Debug|Any CPU = Debug|Any CPU
		Release|Any CPU = Release|Any CPU
	EndGlobalSection
	GlobalSection(ProjectConfigurationPlatforms) = postSolution
		{49280864-1731-4ED1-8010-9F45C4E8653E}.Debug|Any CPU.ActiveCfg = Debug|Any CPU
		{49280864-1731-4ED1-8010-9F45C4E8653E}.Debug|Any CPU.Build.0 = Debug|Any CPU
		{49280864-1731-4ED1-8010-9F45C4E8653E}.Release|Any CPU.ActiveCfg = Release|Any CPU
		{49280864-1731-4ED1-8010-9F45C4E8653E}.Release|Any CPU.Build.0 = Release|Any CPU
	EndGlobalSection
	GlobalSection(SolutionProperties) = preSolution
		HideSolutionNode = FALSE
	EndGlobalSection
	GlobalSection(ExtensibilityGlobals) = postSolution
		SolutionGuid = {F5A71733-9143-4A3E-9A78-1B383849CC7A}
	EndGlobalSection
EndGlobal
